
Microsoft Visual Studio Solution File, Format Version 12.00
# Visual Studio Version 17
VisualStudioVersion = 17.4.33110.190
MinimumVisualStudioVersion = 10.0.40219.1
Project("{FAE04EC0-301F-11D3-BF4B-00C04F79EFBC}") = "Laundry_Management", "Laundry_Management\Laundry_Management.csproj", "{DD50CFCB-B578-4789-8B30-C8DD9708B310}"
EndProject
Global
	GlobalSection(SolutionConfigurationPlatforms) = preSolution
		Debug|Any CPU = Debug|Any CPU
		Release|Any CPU = Release|Any CPU
	EndGlobalSection
	GlobalSection(ProjectConfigurationPlatforms) = postSolution
		{DD50CFCB-B578-4789-8B30-C8DD9708B310}.Debug|Any CPU.ActiveCfg = Debug|Any CPU
		{DD50CFCB-B578-4789-8B30-C8DD9708B310}.Debug|Any CPU.Build.0 = Debug|Any CPU
		{DD50CFCB-B578-4789-8B30-C8DD9708B310}.Release|Any CPU.ActiveCfg = Release|Any CPU
		{DD50CFCB-B578-4789-8B30-C8DD9708B310}.Release|Any CPU.Build.0 = Release|Any CPU
	EndGlobalSection
	GlobalSection(SolutionProperties) = preSolution
		HideSolutionNode = FALSE
	EndGlobalSection
	GlobalSection(ExtensibilityGlobals) = postSolution
		SolutionGuid = {4681CD22-D645-45F8-B0A3-6EE225EBFB56}
	EndGlobalSection
EndGlobal
